
Microsoft Visual Studio Solution File, Format Version 12.00
# Visual Studio Version 17
VisualStudioVersion = 17.14.36623.8
MinimumVisualStudioVersion = 10.0.40219.1
Project("{2150E333-8FDC-42A3-9474-1A3956D46DE8}") = "tests", "tests", "{02EA681E-C7D8-13C7-8484-4AC65E1B71E8}"
EndProject
Project("{2150E333-8FDC-42A3-9474-1A3956D46DE8}") = "src", "src", "{77D035DC-01AE-42D6-9296-C44717C788B9}"
EndProject
Project("{2150E333-8FDC-42A3-9474-1A3956D46DE8}") = "library", "library", "{AD67D91B-E05B-40ED-84F4-DB3F9965A3BF}"
EndProject
Project("{FAE04EC0-301F-11D3-BF4B-00C04F79EFBC}") = "OrderManagement.Gateway.Application", "src\library\OrderManagement.Gateway.Application\OrderManagement.Gateway.Application.csproj", "{22FB11A7-8F21-3B24-1E7D-8CBD40E729C5}"
EndProject
Project("{FAE04EC0-301F-11D3-BF4B-00C04F79EFBC}") = "OrderManagement.Gateway.Domain", "src\library\OrderManagement.Gateway.Domain\OrderManagement.Gateway.Domain.csproj", "{65C2843F-490D-2ABE-2053-CD1070FBDB10}"
EndProject
Project("{FAE04EC0-301F-11D3-BF4B-00C04F79EFBC}") = "OrderManagement.Gateway.Infrastructure", "src\library\OrderManagement.Gateway.Infrastructure\OrderManagement.Gateway.Infrastructure.csproj", "{0A88B3D7-7640-25D2-D31B-8899CFC838D5}"
EndProject
Project("{FAE04EC0-301F-11D3-BF4B-00C04F79EFBC}") = "OrderManagement.Gateway", "src\OrderManagement.Gateway\OrderManagement.Gateway.csproj", "{6773FAC0-33DD-1419-123D-3EFD1B75DC59}"
EndProject
Global
	GlobalSection(SolutionConfigurationPlatforms) = preSolution
		Debug|Any CPU = Debug|Any CPU
		Release|Any CPU = Release|Any CPU
	EndGlobalSection
	GlobalSection(ProjectConfigurationPlatforms) = postSolution
		{22FB11A7-8F21-3B24-1E7D-8CBD40E729C5}.Debug|Any CPU.ActiveCfg = Debug|Any CPU
		{22FB11A7-8F21-3B24-1E7D-8CBD40E729C5}.Debug|Any CPU.Build.0 = Debug|Any CPU
		{22FB11A7-8F21-3B24-1E7D-8CBD40E729C5}.Release|Any CPU.ActiveCfg = Release|Any CPU
		{22FB11A7-8F21-3B24-1E7D-8CBD40E729C5}.Release|Any CPU.Build.0 = Release|Any CPU
		{65C2843F-490D-2ABE-2053-CD1070FBDB10}.Debug|Any CPU.ActiveCfg = Debug|Any CPU
		{65C2843F-490D-2ABE-2053-CD1070FBDB10}.Debug|Any CPU.Build.0 = Debug|Any CPU
		{65C2843F-490D-2ABE-2053-CD1070FBDB10}.Release|Any CPU.ActiveCfg = Release|Any CPU
		{65C2843F-490D-2ABE-2053-CD1070FBDB10}.Release|Any CPU.Build.0 = Release|Any CPU
		{0A88B3D7-7640-25D2-D31B-8899CFC838D5}.Debug|Any CPU.ActiveCfg = Debug|Any CPU
		{0A88B3D7-7640-25D2-D31B-8899CFC838D5}.Debug|Any CPU.Build.0 = Debug|Any CPU
		{0A88B3D7-7640-25D2-D31B-8899CFC838D5}.Release|Any CPU.ActiveCfg = Release|Any CPU
		{0A88B3D7-7640-25D2-D31B-8899CFC838D5}.Release|Any CPU.Build.0 = Release|Any CPU
		{6773FAC0-33DD-1419-123D-3EFD1B75DC59}.Debug|Any CPU.ActiveCfg = Debug|Any CPU
		{6773FAC0-33DD-1419-123D-3EFD1B75DC59}.Debug|Any CPU.Build.0 = Debug|Any CPU
		{6773FAC0-33DD-1419-123D-3EFD1B75DC59}.Release|Any CPU.ActiveCfg = Release|Any CPU
		{6773FAC0-33DD-1419-123D-3EFD1B75DC59}.Release|Any CPU.Build.0 = Release|Any CPU
	EndGlobalSection
	GlobalSection(SolutionProperties) = preSolution
		HideSolutionNode = FALSE
	EndGlobalSection
	GlobalSection(NestedProjects) = preSolution
		{AD67D91B-E05B-40ED-84F4-DB3F9965A3BF} = {77D035DC-01AE-42D6-9296-C44717C788B9}
		{22FB11A7-8F21-3B24-1E7D-8CBD40E729C5} = {AD67D91B-E05B-40ED-84F4-DB3F9965A3BF}
		{65C2843F-490D-2ABE-2053-CD1070FBDB10} = {AD67D91B-E05B-40ED-84F4-DB3F9965A3BF}
		{0A88B3D7-7640-25D2-D31B-8899CFC838D5} = {AD67D91B-E05B-40ED-84F4-DB3F9965A3BF}
		{6773FAC0-33DD-1419-123D-3EFD1B75DC59} = {77D035DC-01AE-42D6-9296-C44717C788B9}
	EndGlobalSection
	GlobalSection(ExtensibilityGlobals) = postSolution
		SolutionGuid = {4151A115-8F45-499C-98C3-BA34A8C4769E}
	EndGlobalSection
EndGlobal
