
Microsoft Visual Studio Solution File, Format Version 12.00
# Visual Studio Version 17
VisualStudioVersion = 17.14.36623.8
MinimumVisualStudioVersion = 10.0.40219.1
Project("{2150E333-8FDC-42A3-9474-1A3956D46DE8}") = "tests", "tests", "{02EA681E-C7D8-13C7-8484-4AC65E1B71E8}"
EndProject
Project("{2150E333-8FDC-42A3-9474-1A3956D46DE8}") = "src", "src", "{77D035DC-01AE-42D6-9296-C44717C788B9}"
EndProject
Project("{2150E333-8FDC-42A3-9474-1A3956D46DE8}") = "library", "library", "{AD67D91B-E05B-40ED-84F4-DB3F9965A3BF}"
EndProject
Project("{FAE04EC0-301F-11D3-BF4B-00C04F79EFBC}") = "OrderManagement.Product.Api.Application", "src\library\OrderManagement.Product.Api.Application\OrderManagement.Product.Api.Application.csproj", "{529B959B-F751-D9A0-27FE-4AAF1BAFDD45}"
EndProject
Project("{FAE04EC0-301F-11D3-BF4B-00C04F79EFBC}") = "OrderManagement.Product.Api.Domain", "src\library\OrderManagement.Product.Api.Domain\OrderManagement.Product.Api.Domain.csproj", "{6B867254-DF17-AC07-8183-13DB825A9568}"
EndProject
Project("{FAE04EC0-301F-11D3-BF4B-00C04F79EFBC}") = "OrderManagement.Product.Api.Infrastructure", "src\library\OrderManagement.Product.Api.Infrastructure\OrderManagement.Product.Api.Infrastructure.csproj", "{70AD14BB-FC01-0003-9430-E40DB85104A7}"
EndProject
Project("{FAE04EC0-301F-11D3-BF4B-00C04F79EFBC}") = "OrderManagement.Product.Api", "src\OrderManagement.Product.Api\OrderManagement.Product.Api.csproj", "{F3CE9C88-D94D-E494-D2F5-26483CB40F66}"
EndProject
Project("{FAE04EC0-301F-11D3-BF4B-00C04F79EFBC}") = "OrderManagement.Product.Api.Application.Tests", "tests\OrderManagement.Product.Api.Application.Tests\OrderManagement.Product.Api.Application.Tests.csproj", "{1DA453F9-5FF8-B52B-1811-B23895D86BF9}"
EndProject
Project("{FAE04EC0-301F-11D3-BF4B-00C04F79EFBC}") = "OrderManagement.Product.Api.Infrastructure.Tests", "tests\OrderManagement.Product.Api.Infrastructure.Tests\OrderManagement.Product.Api.Infrastructure.Tests.csproj", "{E6859674-E8D5-D1E9-77F4-0D4A09B05E84}"
EndProject
Project("{FAE04EC0-301F-11D3-BF4B-00C04F79EFBC}") = "OrderManagement.Product.Api.Tests", "tests\OrderManagement.Product.Api.Tests\OrderManagement.Product.Api.Tests.csproj", "{51E7751B-BAD9-DCC1-34BC-5776AD1BDF36}"
EndProject
Global
	GlobalSection(SolutionConfigurationPlatforms) = preSolution
		Debug|Any CPU = Debug|Any CPU
		Release|Any CPU = Release|Any CPU
	EndGlobalSection
	GlobalSection(ProjectConfigurationPlatforms) = postSolution
		{529B959B-F751-D9A0-27FE-4AAF1BAFDD45}.Debug|Any CPU.ActiveCfg = Debug|Any CPU
		{529B959B-F751-D9A0-27FE-4AAF1BAFDD45}.Debug|Any CPU.Build.0 = Debug|Any CPU
		{529B959B-F751-D9A0-27FE-4AAF1BAFDD45}.Release|Any CPU.ActiveCfg = Release|Any CPU
		{529B959B-F751-D9A0-27FE-4AAF1BAFDD45}.Release|Any CPU.Build.0 = Release|Any CPU
		{6B867254-DF17-AC07-8183-13DB825A9568}.Debug|Any CPU.ActiveCfg = Debug|Any CPU
		{6B867254-DF17-AC07-8183-13DB825A9568}.Debug|Any CPU.Build.0 = Debug|Any CPU
		{6B867254-DF17-AC07-8183-13DB825A9568}.Release|Any CPU.ActiveCfg = Release|Any CPU
		{6B867254-DF17-AC07-8183-13DB825A9568}.Release|Any CPU.Build.0 = Release|Any CPU
		{70AD14BB-FC01-0003-9430-E40DB85104A7}.Debug|Any CPU.ActiveCfg = Debug|Any CPU
		{70AD14BB-FC01-0003-9430-E40DB85104A7}.Debug|Any CPU.Build.0 = Debug|Any CPU
		{70AD14BB-FC01-0003-9430-E40DB85104A7}.Release|Any CPU.ActiveCfg = Release|Any CPU
		{70AD14BB-FC01-0003-9430-E40DB85104A7}.Release|Any CPU.Build.0 = Release|Any CPU
		{F3CE9C88-D94D-E494-D2F5-26483CB40F66}.Debug|Any CPU.ActiveCfg = Debug|Any CPU
		{F3CE9C88-D94D-E494-D2F5-26483CB40F66}.Debug|Any CPU.Build.0 = Debug|Any CPU
		{F3CE9C88-D94D-E494-D2F5-26483CB40F66}.Release|Any CPU.ActiveCfg = Release|Any CPU
		{F3CE9C88-D94D-E494-D2F5-26483CB40F66}.Release|Any CPU.Build.0 = Release|Any CPU
		{1DA453F9-5FF8-B52B-1811-B23895D86BF9}.Debug|Any CPU.ActiveCfg = Debug|Any CPU
		{1DA453F9-5FF8-B52B-1811-B23895D86BF9}.Debug|Any CPU.Build.0 = Debug|Any CPU
		{1DA453F9-5FF8-B52B-1811-B23895D86BF9}.Release|Any CPU.ActiveCfg = Release|Any CPU
		{1DA453F9-5FF8-B52B-1811-B23895D86BF9}.Release|Any CPU.Build.0 = Release|Any CPU
		{E6859674-E8D5-D1E9-77F4-0D4A09B05E84}.Debug|Any CPU.ActiveCfg = Debug|Any CPU
		{E6859674-E8D5-D1E9-77F4-0D4A09B05E84}.Debug|Any CPU.Build.0 = Debug|Any CPU
		{E6859674-E8D5-D1E9-77F4-0D4A09B05E84}.Release|Any CPU.ActiveCfg = Release|Any CPU
		{E6859674-E8D5-D1E9-77F4-0D4A09B05E84}.Release|Any CPU.Build.0 = Release|Any CPU
		{51E7751B-BAD9-DCC1-34BC-5776AD1BDF36}.Debug|Any CPU.ActiveCfg = Debug|Any CPU
		{51E7751B-BAD9-DCC1-34BC-5776AD1BDF36}.Debug|Any CPU.Build.0 = Debug|Any CPU
		{51E7751B-BAD9-DCC1-34BC-5776AD1BDF36}.Release|Any CPU.ActiveCfg = Release|Any CPU
		{51E7751B-BAD9-DCC1-34BC-5776AD1BDF36}.Release|Any CPU.Build.0 = Release|Any CPU
	EndGlobalSection
	GlobalSection(SolutionProperties) = preSolution
		HideSolutionNode = FALSE
	EndGlobalSection
	GlobalSection(NestedProjects) = preSolution
		{AD67D91B-E05B-40ED-84F4-DB3F9965A3BF} = {77D035DC-01AE-42D6-9296-C44717C788B9}
		{529B959B-F751-D9A0-27FE-4AAF1BAFDD45} = {AD67D91B-E05B-40ED-84F4-DB3F9965A3BF}
		{6B867254-DF17-AC07-8183-13DB825A9568} = {AD67D91B-E05B-40ED-84F4-DB3F9965A3BF}
		{70AD14BB-FC01-0003-9430-E40DB85104A7} = {AD67D91B-E05B-40ED-84F4-DB3F9965A3BF}
		{F3CE9C88-D94D-E494-D2F5-26483CB40F66} = {77D035DC-01AE-42D6-9296-C44717C788B9}
		{1DA453F9-5FF8-B52B-1811-B23895D86BF9} = {02EA681E-C7D8-13C7-8484-4AC65E1B71E8}
		{E6859674-E8D5-D1E9-77F4-0D4A09B05E84} = {02EA681E-C7D8-13C7-8484-4AC65E1B71E8}
		{51E7751B-BAD9-DCC1-34BC-5776AD1BDF36} = {02EA681E-C7D8-13C7-8484-4AC65E1B71E8}
	EndGlobalSection
	GlobalSection(ExtensibilityGlobals) = postSolution
		SolutionGuid = {4151A115-8F45-499C-98C3-BA34A8C4769E}
	EndGlobalSection
EndGlobal
